
Microsoft Visual Studio Solution File, Format Version 12.00
# Visual Studio Version 17
VisualStudioVersion = 17.14.36414.22 d17.14
MinimumVisualStudioVersion = 10.0.40219.1
Project("{FAE04EC0-301F-11D3-BF4B-00C04F79EFBC}") = "CA1_AnimalShelter", "CA1_AnimalShelter.csproj", "{BC07E705-9386-4644-B4BF-A0E462FEF08D}"
EndProject
Global
	GlobalSection(SolutionConfigurationPlatforms) = preSolution
		Debug|Any CPU = Debug|Any CPU
		Release|Any CPU = Release|Any CPU
	EndGlobalSection
	GlobalSection(ProjectConfigurationPlatforms) = postSolution
		{BC07E705-9386-4644-B4BF-A0E462FEF08D}.Debug|Any CPU.ActiveCfg = Debug|Any CPU
		{BC07E705-9386-4644-B4BF-A0E462FEF08D}.Debug|Any CPU.Build.0 = Debug|Any CPU
		{BC07E705-9386-4644-B4BF-A0E462FEF08D}.Release|Any CPU.ActiveCfg = Release|Any CPU
		{BC07E705-9386-4644-B4BF-A0E462FEF08D}.Release|Any CPU.Build.0 = Release|Any CPU
	EndGlobalSection
	GlobalSection(SolutionProperties) = preSolution
		HideSolutionNode = FALSE
	EndGlobalSection
	GlobalSection(ExtensibilityGlobals) = postSolution
		SolutionGuid = {BDA68AA1-18B2-43A3-915E-CA016FA4E10D}
	EndGlobalSection
EndGlobal
